
Microsoft Visual Studio Solution File, Format Version 12.00
# Visual Studio Version 17
VisualStudioVersion = 17.14.36408.4 d17.14
MinimumVisualStudioVersion = 10.0.40219.1
Project("{FAE04EC0-301F-11D3-BF4B-00C04F79EFBC}") = "Labor4", "Labor4\Labor4.csproj", "{2F34C8CF-1ABA-49AF-9B72-3A6DA540802C}"
EndProject
Global
	GlobalSection(SolutionConfigurationPlatforms) = preSolution
		Debug|Any CPU = Debug|Any CPU
		Release|Any CPU = Release|Any CPU
	EndGlobalSection
	GlobalSection(ProjectConfigurationPlatforms) = postSolution
		{2F34C8CF-1ABA-49AF-9B72-3A6DA540802C}.Debug|Any CPU.ActiveCfg = Debug|Any CPU
		{2F34C8CF-1ABA-49AF-9B72-3A6DA540802C}.Debug|Any CPU.Build.0 = Debug|Any CPU
		{2F34C8CF-1ABA-49AF-9B72-3A6DA540802C}.Release|Any CPU.ActiveCfg = Release|Any CPU
		{2F34C8CF-1ABA-49AF-9B72-3A6DA540802C}.Release|Any CPU.Build.0 = Release|Any CPU
	EndGlobalSection
	GlobalSection(SolutionProperties) = preSolution
		HideSolutionNode = FALSE
	EndGlobalSection
	GlobalSection(ExtensibilityGlobals) = postSolution
		SolutionGuid = {A72D1745-BA2E-43C6-8ABA-B8DBD91249B1}
	EndGlobalSection
EndGlobal
